
Microsoft Visual Studio Solution File, Format Version 12.00
# Visual Studio Version 17
VisualStudioVersion = 17.5.002.0
MinimumVisualStudioVersion = 10.0.40219.1
Project("{9A19103F-16F7-4668-BE54-9A1E7A4F7556}") = "DesafioFundamentos", "DesafioFundamentos\DesafioFundamentos.csproj", "{29D318A4-44E7-4A5B-B014-0739A7C25CEA}"
EndProject
Global
	GlobalSection(SolutionConfigurationPlatforms) = preSolution
		Debug|Any CPU = Debug|Any CPU
		Release|Any CPU = Release|Any CPU
	EndGlobalSection
	GlobalSection(ProjectConfigurationPlatforms) = postSolution
		{29D318A4-44E7-4A5B-B014-0739A7C25CEA}.Debug|Any CPU.ActiveCfg = Debug|Any CPU
		{29D318A4-44E7-4A5B-B014-0739A7C25CEA}.Debug|Any CPU.Build.0 = Debug|Any CPU
		{29D318A4-44E7-4A5B-B014-0739A7C25CEA}.Release|Any CPU.ActiveCfg = Release|Any CPU
		{29D318A4-44E7-4A5B-B014-0739A7C25CEA}.Release|Any CPU.Build.0 = Release|Any CPU
	EndGlobalSection
	GlobalSection(SolutionProperties) = preSolution
		HideSolutionNode = FALSE
	EndGlobalSection
	GlobalSection(ExtensibilityGlobals) = postSolution
		SolutionGuid = {245AFD89-6FCE-4070-866D-03DA12A48421}
	EndGlobalSection
EndGlobal
